{
    "_readme": [
        "This file locks the dependencies of your project to a known state",
        "Read more about it at https://getcomposer.org/doc/01-basic-usage.md#installing-dependencies",
        "This file is @generated automatically"
    ],
    "content-hash": "00d443cc6bb1905bfe94331c78ee9838",
    "packages": [
        {
            "name": "sherpa/db",
            "version": "dev-dev",
            "source": {
                "type": "git",
                "url": "https://github.com/sherpa-php/db.git",
                "reference": "7123e02b0ad8edc1fe3d5855c8fac730040fb745"
            },
            "dist": {
                "type": "zip",
                "url": "https://api.github.com/repos/sherpa-php/db/zipball/7123e02b0ad8edc1fe3d5855c8fac730040fb745",
                "reference": "7123e02b0ad8edc1fe3d5855c8fac730040fb745",
                "shasum": ""
            },
            "type": "library",
            "autoload": {
                "psr-4": {
                    "Sherpa\\Db\\": "src/"
                }
            },
            "notification-url": "https://packagist.org/downloads/",
            "license": [
                "MIT"
            ],
            "authors": [
                {
                    "name": "belicfr",
                    "email": "96206878+belicfr@users.noreply.github.com"
                }
            ],
            "support": {
                "issues": "https://github.com/sherpa-php/db/issues",
                "source": "https://github.com/sherpa-php/db/tree/dev"
            },
            "time": "2024-12-04T09:42:34+00:00"
        }
    ],
    "packages-dev": [],
    "aliases": [],
    "minimum-stability": "dev",
    "stability-flags": {
        "sherpa/db": 20
    },
    "prefer-stable": false,
    "prefer-lowest": false,
    "platform": {},
    "platform-dev": {},
    "plugin-api-version": "2.6.0"
}
